# THIS IS AN AUTOGENERATED FILE. DO NOT EDIT THIS FILE DIRECTLY.
# yarn lockfile v1


"@types/matter-js@^0.14.5":
  version "0.14.5"
  resolved "https://registry.yarnpkg.com/@types/matter-js/-/matter-js-0.14.5.tgz#3093bfc4496599b1f4cc99e5c8b30feeafc675a1"
  integrity sha512-WAGhTov24lyLzb53jwGtyeP4o9kCn3Vz5qs1Mciffc2+lYP12dbLgfZ3b0Z69sy30etV4+vCyXcU4wvCt9R6kw==

matter-js@^0.14.2:
  version "0.14.2"
  resolved "https://registry.yarnpkg.com/matter-js/-/matter-js-0.14.2.tgz#8169af9e06fdc356ba9e72b49624eb329839883b"
  integrity sha512-3ttVT8cJlQnGRjBa8MyVrGyvGmnmOkZ3YsyemIw+KwEEdVi70mo32FH1Eta2b3GfdDJFbMDRqyMQt4heNKBUEA==

typescript@^3.9.7:
  version "3.9.7"
  resolved "https://registry.yarnpkg.com/typescript/-/typescript-3.9.7.tgz#98d600a5ebdc38f40cb277522f12dc800e9e25fa"
  integrity sha512-BLbiRkiBzAwsjut4x/dsibSTB6yWpwT5qWmC2OfuCg3GgVQCSgMs4vEctYPhsaGtd0AeuuHMkjZ2h2WG8MSzRw==
